// !$*UTF8*$!
{
	archiveVersion = 1;
	classes = {
	};
	objectVersion = 56;
	objects = {

/* Begin PBXBuildFile section */
		3E3B4D4A29745B68000C48B3 /* CameraCaptureOutput.swift in Sources */ = {isa = PBXBuildFile; fileRef = 3E3B4D4929745B68000C48B3 /* CameraCaptureOutput.swift */; };
		3E530CB02972A9EA00A632FC /* wake_cameraApp.swift in Sources */ = {isa = PBXBuildFile; fileRef = 3E530CAF2972A9EA00A632FC /* wake_cameraApp.swift */; };
		3E530CB42972A9EC00A632FC /* Assets.xcassets in Resources */ = {isa = PBXBuildFile; fileRef = 3E530CB32972A9EC00A632FC /* Assets.xcassets */; };
		3E530CB72972A9EC00A632FC /* Preview Assets.xcassets in Resources */ = {isa = PBXBuildFile; fileRef = 3E530CB62972A9EC00A632FC /* Preview Assets.xcassets */; };
		3E530CD62972AB9F00A632FC /* FrameView.swift in Sources */ = {isa = PBXBuildFile; fileRef = 3E530CD52972AB9F00A632FC /* FrameView.swift */; };
		3E530CD72972ADF300A632FC /* ContentView.swift in Sources */ = {isa = PBXBuildFile; fileRef = 3E530CCA2972AA0E00A632FC /* ContentView.swift */; };
		3E530CD92972AE3700A632FC /* CameraManager.swift in Sources */ = {isa = PBXBuildFile; fileRef = 3E530CD82972AE3700A632FC /* CameraManager.swift */; };
		3E530CDA2972B0BA00A632FC /* CameraError.swift in Sources */ = {isa = PBXBuildFile; fileRef = 3E530CCE2972AA0E00A632FC /* CameraError.swift */; };
		3E530CDB2972B0D000A632FC /* ErrorView.swift in Sources */ = {isa = PBXBuildFile; fileRef = 3E530CCC2972AA0E00A632FC /* ErrorView.swift */; };
		3E530CDC2972B0D000A632FC /* ToggleButton.swift in Sources */ = {isa = PBXBuildFile; fileRef = 3E530CC92972AA0E00A632FC /* ToggleButton.swift */; };
		3E530CDD2972B0D000A632FC /* ControlView.swift in Sources */ = {isa = PBXBuildFile; fileRef = 3E530CCB2972AA0E00A632FC /* ControlView.swift */; };
		3E530CDE2972B0DD00A632FC /* CGImageExtension.swift in Sources */ = {isa = PBXBuildFile; fileRef = 3E530CD12972AA0E00A632FC /* CGImageExtension.swift */; };
		3E530CE02972B1AC00A632FC /* FrameManager.swift in Sources */ = {isa = PBXBuildFile; fileRef = 3E530CDF2972B1AC00A632FC /* FrameManager.swift */; };
		3E530CE22972B32700A632FC /* ContentViewModel.swift in Sources */ = {isa = PBXBuildFile; fileRef = 3E530CE12972B32700A632FC /* ContentViewModel.swift */; };
		3E530CE42972BF1600A632FC /* NSImageExtension.swift in Sources */ = {isa = PBXBuildFile; fileRef = 3E530CE32972BF1600A632FC /* NSImageExtension.swift */; };
		3ED643A729770E9500F4496E /* MenuBarView.swift in Sources */ = {isa = PBXBuildFile; fileRef = 3ED643A629770E9500F4496E /* MenuBarView.swift */; };
		3ED643AB297832C400F4496E /* AppHandlers.swift in Sources */ = {isa = PBXBuildFile; fileRef = 3ED643AA297832C400F4496E /* AppHandlers.swift */; };
		3ED643AD2978330A00F4496E /* NSWorkspaceExtension.swift in Sources */ = {isa = PBXBuildFile; fileRef = 3ED643AC2978330A00F4496E /* NSWorkspaceExtension.swift */; };
		3ED643AF297866B300F4496E /* MenuBarErrorView.swift in Sources */ = {isa = PBXBuildFile; fileRef = 3ED643AE297866B300F4496E /* MenuBarErrorView.swift */; };
/* End PBXBuildFile section */

/* Begin PBXFileReference section */
		3E3B4D4929745B68000C48B3 /* CameraCaptureOutput.swift */ = {isa = PBXFileReference; lastKnownFileType = sourcecode.swift; path = CameraCaptureOutput.swift; sourceTree = "<group>"; };
		3E530CAC2972A9EA00A632FC /* wake-camera.app */ = {isa = PBXFileReference; explicitFileType = wrapper.application; includeInIndex = 0; path = "wake-camera.app"; sourceTree = BUILT_PRODUCTS_DIR; };
		3E530CAF2972A9EA00A632FC /* wake_cameraApp.swift */ = {isa = PBXFileReference; lastKnownFileType = sourcecode.swift; path = wake_cameraApp.swift; sourceTree = "<group>"; };
		3E530CB32972A9EC00A632FC /* Assets.xcassets */ = {isa = PBXFileReference; lastKnownFileType = folder.assetcatalog; path = Assets.xcassets; sourceTree = "<group>"; };
		3E530CB62972A9EC00A632FC /* Preview Assets.xcassets */ = {isa = PBXFileReference; lastKnownFileType = folder.assetcatalog; path = "Preview Assets.xcassets"; sourceTree = "<group>"; };
		3E530CB82972A9EC00A632FC /* wake_camera.entitlements */ = {isa = PBXFileReference; lastKnownFileType = text.plist.entitlements; path = wake_camera.entitlements; sourceTree = "<group>"; };
		3E530CC02972AA0700A632FC /* ToggleButton.swift */ = {isa = PBXFileReference; lastKnownFileType = sourcecode.swift; path = ToggleButton.swift; sourceTree = "<group>"; };
		3E530CC12972AA0700A632FC /* ContentView.swift */ = {isa = PBXFileReference; lastKnownFileType = sourcecode.swift; path = ContentView.swift; sourceTree = "<group>"; };
		3E530CC22972AA0700A632FC /* ControlView.swift */ = {isa = PBXFileReference; lastKnownFileType = sourcecode.swift; path = ControlView.swift; sourceTree = "<group>"; };
		3E530CC32972AA0700A632FC /* ErrorView.swift */ = {isa = PBXFileReference; lastKnownFileType = sourcecode.swift; path = ErrorView.swift; sourceTree = "<group>"; };
		3E530CC52972AA0800A632FC /* CGImageExtension.swift */ = {isa = PBXFileReference; lastKnownFileType = sourcecode.swift; path = CGImageExtension.swift; sourceTree = "<group>"; };
		3E530CC72972AA0800A632FC /* CameraError.swift */ = {isa = PBXFileReference; lastKnownFileType = sourcecode.swift; path = CameraError.swift; sourceTree = "<group>"; };
		3E530CC92972AA0E00A632FC /* ToggleButton.swift */ = {isa = PBXFileReference; lastKnownFileType = sourcecode.swift; path = ToggleButton.swift; sourceTree = "<group>"; };
		3E530CCA2972AA0E00A632FC /* ContentView.swift */ = {isa = PBXFileReference; lastKnownFileType = sourcecode.swift; path = ContentView.swift; sourceTree = "<group>"; };
		3E530CCB2972AA0E00A632FC /* ControlView.swift */ = {isa = PBXFileReference; lastKnownFileType = sourcecode.swift; path = ControlView.swift; sourceTree = "<group>"; };
		3E530CCC2972AA0E00A632FC /* ErrorView.swift */ = {isa = PBXFileReference; lastKnownFileType = sourcecode.swift; path = ErrorView.swift; sourceTree = "<group>"; };
		3E530CCE2972AA0E00A632FC /* CameraError.swift */ = {isa = PBXFileReference; lastKnownFileType = sourcecode.swift; path = CameraError.swift; sourceTree = "<group>"; };
		3E530CD12972AA0E00A632FC /* CGImageExtension.swift */ = {isa = PBXFileReference; lastKnownFileType = sourcecode.swift; path = CGImageExtension.swift; sourceTree = "<group>"; };
		3E530CD22972AA6300A632FC /* LaunchScreen.storyboard */ = {isa = PBXFileReference; lastKnownFileType = file.storyboard; path = LaunchScreen.storyboard; sourceTree = "<group>"; };
		3E530CD52972AB9F00A632FC /* FrameView.swift */ = {isa = PBXFileReference; lastKnownFileType = sourcecode.swift; path = FrameView.swift; sourceTree = "<group>"; };
		3E530CD82972AE3700A632FC /* CameraManager.swift */ = {isa = PBXFileReference; lastKnownFileType = sourcecode.swift; path = CameraManager.swift; sourceTree = "<group>"; };
		3E530CDF2972B1AC00A632FC /* FrameManager.swift */ = {isa = PBXFileReference; lastKnownFileType = sourcecode.swift; path = FrameManager.swift; sourceTree = "<group>"; };
		3E530CE12972B32700A632FC /* ContentViewModel.swift */ = {isa = PBXFileReference; lastKnownFileType = sourcecode.swift; path = ContentViewModel.swift; sourceTree = "<group>"; };
		3E530CE32972BF1600A632FC /* NSImageExtension.swift */ = {isa = PBXFileReference; lastKnownFileType = sourcecode.swift; path = NSImageExtension.swift; sourceTree = "<group>"; };
		3ED643A629770E9500F4496E /* MenuBarView.swift */ = {isa = PBXFileReference; lastKnownFileType = sourcecode.swift; path = MenuBarView.swift; sourceTree = "<group>"; };
		3ED643AA297832C400F4496E /* AppHandlers.swift */ = {isa = PBXFileReference; lastKnownFileType = sourcecode.swift; path = AppHandlers.swift; sourceTree = "<group>"; };
		3ED643AC2978330A00F4496E /* NSWorkspaceExtension.swift */ = {isa = PBXFileReference; lastKnownFileType = sourcecode.swift; path = NSWorkspaceExtension.swift; sourceTree = "<group>"; };
		3ED643AE297866B300F4496E /* MenuBarErrorView.swift */ = {isa = PBXFileReference; lastKnownFileType = sourcecode.swift; path = MenuBarErrorView.swift; sourceTree = "<group>"; };
/* End PBXFileReference section */

/* Begin PBXFrameworksBuildPhase section */
		3E530CA92972A9EA00A632FC /* Frameworks */ = {
			isa = PBXFrameworksBuildPhase;
			buildActionMask = 2147483647;
			files = (
			);
			runOnlyForDeploymentPostprocessing = 0;
		};
/* End PBXFrameworksBuildPhase section */

/* Begin PBXGroup section */
		3E530CA32972A9EA00A632FC = {
			isa = PBXGroup;
			children = (
				3E530CAE2972A9EA00A632FC /* wake-camera */,
				3E530CAD2972A9EA00A632FC /* Products */,
			);
			sourceTree = "<group>";
		};
		3E530CAD2972A9EA00A632FC /* Products */ = {
			isa = PBXGroup;
			children = (
				3E530CAC2972A9EA00A632FC /* wake-camera.app */,
			);
			name = Products;
			sourceTree = "<group>";
		};
		3E530CAE2972A9EA00A632FC /* wake-camera */ = {
			isa = PBXGroup;
			children = (
				3E530CAF2972A9EA00A632FC /* wake_cameraApp.swift */,
				3ED643AA297832C400F4496E /* AppHandlers.swift */,
				3E530CB32972A9EC00A632FC /* Assets.xcassets */,
				3E530CCD2972AA0E00A632FC /* Camera */,
				3E530CD02972AA0E00A632FC /* Extensions */,
				3E530CCF2972AA0E00A632FC /* ViewModels */,
				3E530CC82972AA0E00A632FC /* Views */,
				3E530CB82972A9EC00A632FC /* wake_camera.entitlements */,
				3E530CD22972AA6300A632FC /* LaunchScreen.storyboard */,
				3E530CB52972A9EC00A632FC /* Preview Content */,
			);
			path = "wake-camera";
			sourceTree = "<group>";
		};
		3E530CB52972A9EC00A632FC /* Preview Content */ = {
			isa = PBXGroup;
			children = (
				3E530CC62972AA0800A632FC /* Camera */,
				3E530CC42972AA0800A632FC /* Extensions */,
				3E530CBE2972AA0700A632FC /* ViewModels */,
				3E530CBF2972AA0700A632FC /* Views */,
				3E530CB62972A9EC00A632FC /* Preview Assets.xcassets */,
			);
			path = "Preview Content";
			sourceTree = "<group>";
		};
		3E530CBE2972AA0700A632FC /* ViewModels */ = {
			isa = PBXGroup;
			children = (
			);
			path = ViewModels;
			sourceTree = "<group>";
		};
		3E530CBF2972AA0700A632FC /* Views */ = {
			isa = PBXGroup;
			children = (
				3E530CC02972AA0700A632FC /* ToggleButton.swift */,
				3E530CC12972AA0700A632FC /* ContentView.swift */,
				3E530CC22972AA0700A632FC /* ControlView.swift */,
				3E530CC32972AA0700A632FC /* ErrorView.swift */,
			);
			path = Views;
			sourceTree = "<group>";
		};
		3E530CC42972AA0800A632FC /* Extensions */ = {
			isa = PBXGroup;
			children = (
				3E530CC52972AA0800A632FC /* CGImageExtension.swift */,
			);
			path = Extensions;
			sourceTree = "<group>";
		};
		3E530CC62972AA0800A632FC /* Camera */ = {
			isa = PBXGroup;
			children = (
				3E530CC72972AA0800A632FC /* CameraError.swift */,
			);
			path = Camera;
			sourceTree = "<group>";
		};
		3E530CC82972AA0E00A632FC /* Views */ = {
			isa = PBXGroup;
			children = (
				3E530CCA2972AA0E00A632FC /* ContentView.swift */,
				3E530CC92972AA0E00A632FC /* ToggleButton.swift */,
				3E530CCB2972AA0E00A632FC /* ControlView.swift */,
				3E530CD52972AB9F00A632FC /* FrameView.swift */,
				3E530CCC2972AA0E00A632FC /* ErrorView.swift */,
				3ED643A629770E9500F4496E /* MenuBarView.swift */,
				3ED643AE297866B300F4496E /* MenuBarErrorView.swift */,
			);
			path = Views;
			sourceTree = "<group>";
		};
		3E530CCD2972AA0E00A632FC /* Camera */ = {
			isa = PBXGroup;
			children = (
				3E530CCE2972AA0E00A632FC /* CameraError.swift */,
				3E530CD82972AE3700A632FC /* CameraManager.swift */,
				3E3B4D4929745B68000C48B3 /* CameraCaptureOutput.swift */,
				3E530CDF2972B1AC00A632FC /* FrameManager.swift */,
			);
			path = Camera;
			sourceTree = "<group>";
		};
		3E530CCF2972AA0E00A632FC /* ViewModels */ = {
			isa = PBXGroup;
			children = (
				3E530CE12972B32700A632FC /* ContentViewModel.swift */,
			);
			path = ViewModels;
			sourceTree = "<group>";
		};
		3E530CD02972AA0E00A632FC /* Extensions */ = {
			isa = PBXGroup;
			children = (
				3E530CD12972AA0E00A632FC /* CGImageExtension.swift */,
				3E530CE32972BF1600A632FC /* NSImageExtension.swift */,
				3ED643AC2978330A00F4496E /* NSWorkspaceExtension.swift */,
			);
			path = Extensions;
			sourceTree = "<group>";
		};
/* End PBXGroup section */

/* Begin PBXNativeTarget section */
		3E530CAB2972A9EA00A632FC /* wake-camera */ = {
			isa = PBXNativeTarget;
			buildConfigurationList = 3E530CBB2972A9EC00A632FC /* Build configuration list for PBXNativeTarget "wake-camera" */;
			buildPhases = (
				3E530CA82972A9EA00A632FC /* Sources */,
				3E530CA92972A9EA00A632FC /* Frameworks */,
				3E530CAA2972A9EA00A632FC /* Resources */,
			);
			buildRules = (
			);
			dependencies = (
			);
			name = "wake-camera";
			productName = "wake-camera";
			productReference = 3E530CAC2972A9EA00A632FC /* wake-camera.app */;
			productType = "com.apple.product-type.application";
		};
/* End PBXNativeTarget section */

/* Begin PBXProject section */
		3E530CA42972A9EA00A632FC /* Project object */ = {
			isa = PBXProject;
			attributes = {
				BuildIndependentTargetsInParallel = 1;
				LastSwiftUpdateCheck = 1420;
				LastUpgradeCheck = 1420;
				TargetAttributes = {
					3E530CAB2972A9EA00A632FC = {
						CreatedOnToolsVersion = 14.2;
					};
				};
			};
			buildConfigurationList = 3E530CA72972A9EA00A632FC /* Build configuration list for PBXProject "wake-camera" */;
			compatibilityVersion = "Xcode 14.0";
			developmentRegion = en;
			hasScannedForEncodings = 0;
			knownRegions = (
				en,
				Base,
			);
			mainGroup = 3E530CA32972A9EA00A632FC;
			productRefGroup = 3E530CAD2972A9EA00A632FC /* Products */;
			projectDirPath = "";
			projectRoot = "";
			targets = (
				3E530CAB2972A9EA00A632FC /* wake-camera */,
			);
		};
/* End PBXProject section */

/* Begin PBXResourcesBuildPhase section */
		3E530CAA2972A9EA00A632FC /* Resources */ = {
			isa = PBXResourcesBuildPhase;
			buildActionMask = 2147483647;
			files = (
				3E530CB72972A9EC00A632FC /* Preview Assets.xcassets in Resources */,
				3E530CB42972A9EC00A632FC /* Assets.xcassets in Resources */,
			);
			runOnlyForDeploymentPostprocessing = 0;
		};
/* End PBXResourcesBuildPhase section */

/* Begin PBXSourcesBuildPhase section */
		3E530CA82972A9EA00A632FC /* Sources */ = {
			isa = PBXSourcesBuildPhase;
			buildActionMask = 2147483647;
			files = (
				3ED643AF297866B300F4496E /* MenuBarErrorView.swift in Sources */,
				3E3B4D4A29745B68000C48B3 /* CameraCaptureOutput.swift in Sources */,
				3E530CDD2972B0D000A632FC /* ControlView.swift in Sources */,
				3E530CDC2972B0D000A632FC /* ToggleButton.swift in Sources */,
				3E530CE42972BF1600A632FC /* NSImageExtension.swift in Sources */,
				3E530CD62972AB9F00A632FC /* FrameView.swift in Sources */,
				3E530CDB2972B0D000A632FC /* ErrorView.swift in Sources */,
				3E530CDE2972B0DD00A632FC /* CGImageExtension.swift in Sources */,
				3ED643AB297832C400F4496E /* AppHandlers.swift in Sources */,
				3E530CE02972B1AC00A632FC /* FrameManager.swift in Sources */,
				3E530CDA2972B0BA00A632FC /* CameraError.swift in Sources */,
				3ED643A729770E9500F4496E /* MenuBarView.swift in Sources */,
				3E530CE22972B32700A632FC /* ContentViewModel.swift in Sources */,
				3ED643AD2978330A00F4496E /* NSWorkspaceExtension.swift in Sources */,
				3E530CB02972A9EA00A632FC /* wake_cameraApp.swift in Sources */,
				3E530CD92972AE3700A632FC /* CameraManager.swift in Sources */,
				3E530CD72972ADF300A632FC /* ContentView.swift in Sources */,
			);
			runOnlyForDeploymentPostprocessing = 0;
		};
/* End PBXSourcesBuildPhase section */

/* Begin XCBuildConfiguration section */
		3E530CB92972A9EC00A632FC /* Debug */ = {
			isa = XCBuildConfiguration;
			buildSettings = {
				ALWAYS_SEARCH_USER_PATHS = NO;
				CLANG_ANALYZER_NONNULL = YES;
				CLANG_ANALYZER_NUMBER_OBJECT_CONVERSION = YES_AGGRESSIVE;
				CLANG_CXX_LANGUAGE_STANDARD = "gnu++20";
				CLANG_ENABLE_MODULES = YES;
				CLANG_ENABLE_OBJC_ARC = YES;
				CLANG_ENABLE_OBJC_WEAK = YES;
				CLANG_WARN_BLOCK_CAPTURE_AUTORELEASING = YES;
				CLANG_WARN_BOOL_CONVERSION = YES;
				CLANG_WARN_COMMA = YES;
				CLANG_WARN_CONSTANT_CONVERSION = YES;
				CLANG_WARN_DEPRECATED_OBJC_IMPLEMENTATIONS = YES;
				CLANG_WARN_DIRECT_OBJC_ISA_USAGE = YES_ERROR;
				CLANG_WARN_DOCUMENTATION_COMMENTS = YES;
				CLANG_WARN_EMPTY_BODY = YES;
				CLANG_WARN_ENUM_CONVERSION = YES;
				CLANG_WARN_INFINITE_RECURSION = YES;
				CLANG_WARN_INT_CONVERSION = YES;
				CLANG_WARN_NON_LITERAL_NULL_CONVERSION = YES;
				CLANG_WARN_OBJC_IMPLICIT_RETAIN_SELF = YES;
				CLANG_WARN_OBJC_LITERAL_CONVERSION = YES;
				CLANG_WARN_OBJC_ROOT_CLASS = YES_ERROR;
				CLANG_WARN_QUOTED_INCLUDE_IN_FRAMEWORK_HEADER = YES;
				CLANG_WARN_RANGE_LOOP_ANALYSIS = YES;
				CLANG_WARN_STRICT_PROTOTYPES = YES;
				CLANG_WARN_SUSPICIOUS_MOVE = YES;
				CLANG_WARN_UNGUARDED_AVAILABILITY = YES_AGGRESSIVE;
				CLANG_WARN_UNREACHABLE_CODE = YES;
				CLANG_WARN__DUPLICATE_METHOD_MATCH = YES;
				COPY_PHASE_STRIP = NO;
				DEBUG_INFORMATION_FORMAT = dwarf;
				ENABLE_STRICT_OBJC_MSGSEND = YES;
				ENABLE_TESTABILITY = YES;
				GCC_C_LANGUAGE_STANDARD = gnu11;
				GCC_DYNAMIC_NO_PIC = NO;
				GCC_NO_COMMON_BLOCKS = YES;
				GCC_OPTIMIZATION_LEVEL = 0;
				GCC_PREPROCESSOR_DEFINITIONS = (
					"DEBUG=1",
					"$(inherited)",
				);
				GCC_WARN_64_TO_32_BIT_CONVERSION = YES;
				GCC_WARN_ABOUT_RETURN_TYPE = YES_ERROR;
				GCC_WARN_UNDECLARED_SELECTOR = YES;
				GCC_WARN_UNINITIALIZED_AUTOS = YES_AGGRESSIVE;
				GCC_WARN_UNUSED_FUNCTION = YES;
				GCC_WARN_UNUSED_VARIABLE = YES;
				MACOSX_DEPLOYMENT_TARGET = 13.1;
				MTL_ENABLE_DEBUG_INFO = INCLUDE_SOURCE;
				MTL_FAST_MATH = YES;
				ONLY_ACTIVE_ARCH = YES;
				SDKROOT = macosx;
				SWIFT_ACTIVE_COMPILATION_CONDITIONS = DEBUG;
				SWIFT_OPTIMIZATION_LEVEL = "-Onone";
			};
			name = Debug;
		};
		3E530CBA2972A9EC00A632FC /* Release */ = {
			isa = XCBuildConfiguration;
			buildSettings = {
				ALWAYS_SEARCH_USER_PATHS = NO;
				CLANG_ANALYZER_NONNULL = YES;
				CLANG_ANALYZER_NUMBER_OBJECT_CONVERSION = YES_AGGRESSIVE;
				CLANG_CXX_LANGUAGE_STANDARD = "gnu++20";
				CLANG_ENABLE_MODULES = YES;
				CLANG_ENABLE_OBJC_ARC = YES;
				CLANG_ENABLE_OBJC_WEAK = YES;
				CLANG_WARN_BLOCK_CAPTURE_AUTORELEASING = YES;
				CLANG_WARN_BOOL_CONVERSION = YES;
				CLANG_WARN_COMMA = YES;
				CLANG_WARN_CONSTANT_CONVERSION = YES;
				CLANG_WARN_DEPRECATED_OBJC_IMPLEMENTATIONS = YES;
				CLANG_WARN_DIRECT_OBJC_ISA_USAGE = YES_ERROR;
				CLANG_WARN_DOCUMENTATION_COMMENTS = YES;
				CLANG_WARN_EMPTY_BODY = YES;
				CLANG_WARN_ENUM_CONVERSION = YES;
				CLANG_WARN_INFINITE_RECURSION = YES;
				CLANG_WARN_INT_CONVERSION = YES;
				CLANG_WARN_NON_LITERAL_NULL_CONVERSION = YES;
				CLANG_WARN_OBJC_IMPLICIT_RETAIN_SELF = YES;
				CLANG_WARN_OBJC_LITERAL_CONVERSION = YES;
				CLANG_WARN_OBJC_ROOT_CLASS = YES_ERROR;
				CLANG_WARN_QUOTED_INCLUDE_IN_FRAMEWORK_HEADER = YES;
				CLANG_WARN_RANGE_LOOP_ANALYSIS = YES;
				CLANG_WARN_STRICT_PROTOTYPES = YES;
				CLANG_WARN_SUSPICIOUS_MOVE = YES;
				CLANG_WARN_UNGUARDED_AVAILABILITY = YES_AGGRESSIVE;
				CLANG_WARN_UNREACHABLE_CODE = YES;
				CLANG_WARN__DUPLICATE_METHOD_MATCH = YES;
				COPY_PHASE_STRIP = NO;
				DEBUG_INFORMATION_FORMAT = "dwarf-with-dsym";
				ENABLE_NS_ASSERTIONS = NO;
				ENABLE_STRICT_OBJC_MSGSEND = YES;
				GCC_C_LANGUAGE_STANDARD = gnu11;
				GCC_NO_COMMON_BLOCKS = YES;
				GCC_WARN_64_TO_32_BIT_CONVERSION = YES;
				GCC_WARN_ABOUT_RETURN_TYPE = YES_ERROR;
				GCC_WARN_UNDECLARED_SELECTOR = YES;
				GCC_WARN_UNINITIALIZED_AUTOS = YES_AGGRESSIVE;
				GCC_WARN_UNUSED_FUNCTION = YES;
				GCC_WARN_UNUSED_VARIABLE = YES;
				MACOSX_DEPLOYMENT_TARGET = 13.1;
				MTL_ENABLE_DEBUG_INFO = NO;
				MTL_FAST_MATH = YES;
				SDKROOT = macosx;
				SWIFT_COMPILATION_MODE = wholemodule;
				SWIFT_OPTIMIZATION_LEVEL = "-O";
			};
			name = Release;
		};
		3E530CBC2972A9EC00A632FC /* Debug */ = {
			isa = XCBuildConfiguration;
			buildSettings = {
				ASSETCATALOG_COMPILER_APPICON_NAME = AppIcon;
				ASSETCATALOG_COMPILER_GLOBAL_ACCENT_COLOR_NAME = AccentColor;
				CODE_SIGN_ENTITLEMENTS = "wake-camera/wake_camera.entitlements";
				CODE_SIGN_STYLE = Automatic;
				COMBINE_HIDPI_IMAGES = YES;
				CURRENT_PROJECT_VERSION = 1;
				DEVELOPMENT_ASSET_PATHS = "\"wake-camera/Preview Content\"";
				DEVELOPMENT_TEAM = FW743NG4FE;
				ENABLE_HARDENED_RUNTIME = YES;
				ENABLE_PREVIEWS = YES;
				GENERATE_INFOPLIST_FILE = YES;
				INFOPLIST_KEY_NSHumanReadableCopyright = "";
				LD_RUNPATH_SEARCH_PATHS = (
					"$(inherited)",
					"@executable_path/../Frameworks",
				);
				MARKETING_VERSION = 1.0;
				PRODUCT_BUNDLE_IDENTIFIER = "ooooo.wake-camera";
				PRODUCT_NAME = "$(TARGET_NAME)";
				SWIFT_EMIT_LOC_STRINGS = YES;
				SWIFT_VERSION = 5.0;
			};
			name = Debug;
		};
		3E530CBD2972A9EC00A632FC /* Release */ = {
			isa = XCBuildConfiguration;
			buildSettings = {
				ASSETCATALOG_COMPILER_APPICON_NAME = AppIcon;
				ASSETCATALOG_COMPILER_GLOBAL_ACCENT_COLOR_NAME = AccentColor;
				CODE_SIGN_ENTITLEMENTS = "wake-camera/wake_camera.entitlements";
				CODE_SIGN_STYLE = Automatic;
				COMBINE_HIDPI_IMAGES = YES;
				CURRENT_PROJECT_VERSION = 1;
				DEVELOPMENT_ASSET_PATHS = "\"wake-camera/Preview Content\"";
				DEVELOPMENT_TEAM = FW743NG4FE;
				ENABLE_HARDENED_RUNTIME = YES;
				ENABLE_PREVIEWS = YES;
				GENERATE_INFOPLIST_FILE = YES;
				INFOPLIST_KEY_NSHumanReadableCopyright = "";
				LD_RUNPATH_SEARCH_PATHS = (
					"$(inherited)",
					"@executable_path/../Frameworks",
				);
				MARKETING_VERSION = 1.0;
				PRODUCT_BUNDLE_IDENTIFIER = "ooooo.wake-camera";
				PRODUCT_NAME = "$(TARGET_NAME)";
				SWIFT_EMIT_LOC_STRINGS = YES;
				SWIFT_VERSION = 5.0;
			};
			name = Release;
		};
/* End XCBuildConfiguration section */

/* Begin XCConfigurationList section */
		3E530CA72972A9EA00A632FC /* Build configuration list for PBXProject "wake-camera" */ = {
			isa = XCConfigurationList;
			buildConfigurations = (
				3E530CB92972A9EC00A632FC /* Debug */,
				3E530CBA2972A9EC00A632FC /* Release */,
			);
			defaultConfigurationIsVisible = 0;
			defaultConfigurationName = Release;
		};
		3E530CBB2972A9EC00A632FC /* Build configuration list for PBXNativeTarget "wake-camera" */ = {
			isa = XCConfigurationList;
			buildConfigurations = (
				3E530CBC2972A9EC00A632FC /* Debug */,
				3E530CBD2972A9EC00A632FC /* Release */,
			);
			defaultConfigurationIsVisible = 0;
			defaultConfigurationName = Release;
		};
/* End XCConfigurationList section */
	};
	rootObject = 3E530CA42972A9EA00A632FC /* Project object */;
}
